// !$*UTF8*$!
{
	archiveVersion = 1;
	classes = {
	};
	objectVersion = 46;
	objects = {

/* Begin PBXBuildFile section */
		381DECE41E202C33004F719E /* PageViewController.swift in Sources */ = {isa = PBXBuildFile; fileRef = 381DECE31E202C33004F719E /* PageViewController.swift */; };
		383AA55A1E21AE710066BE3D /* Photo.swift in Sources */ = {isa = PBXBuildFile; fileRef = 383AA5591E21AE710066BE3D /* Photo.swift */; };
		383B58FA1E26A08300DED73E /* Reachability.swift in Sources */ = {isa = PBXBuildFile; fileRef = 383B58F91E26A08300DED73E /* Reachability.swift */; };
		384530701E22B2620036C4FC /* Menu.storyboard in Resources */ = {isa = PBXBuildFile; fileRef = 3845306F1E22B2620036C4FC /* Menu.storyboard */; };
		38607B111E25733E007D05C8 /* Header.xib in Resources */ = {isa = PBXBuildFile; fileRef = 38607B101E25733E007D05C8 /* Header.xib */; };
		38607B141E2649A6007D05C8 /* UIDevice.swift in Sources */ = {isa = PBXBuildFile; fileRef = 38607B131E2649A6007D05C8 /* UIDevice.swift */; };
		38607B161E265CDA007D05C8 /* GoogleService-Info.plist in Resources */ = {isa = PBXBuildFile; fileRef = 38607B151E265CDA007D05C8 /* GoogleService-Info.plist */; };
		386347811E2B9C2C004E43E2 /* CollectionViewController.swift in Sources */ = {isa = PBXBuildFile; fileRef = 386347801E2B9C2C004E43E2 /* CollectionViewController.swift */; };
		386347831E2B9D4E004E43E2 /* WallpaperCell.swift in Sources */ = {isa = PBXBuildFile; fileRef = 386347821E2B9D4E004E43E2 /* WallpaperCell.swift */; };
		38FEF69E1E1EF95000727681 /* AppDelegate.swift in Sources */ = {isa = PBXBuildFile; fileRef = 38FEF69D1E1EF95000727681 /* AppDelegate.swift */; };
		38FEF6A01E1EF95000727681 /* WallpaperViewController.swift in Sources */ = {isa = PBXBuildFile; fileRef = 38FEF69F1E1EF95000727681 /* WallpaperViewController.swift */; };
		38FEF6A31E1EF95000727681 /* Main.storyboard in Resources */ = {isa = PBXBuildFile; fileRef = 38FEF6A11E1EF95000727681 /* Main.storyboard */; };
		38FEF6A51E1EF95000727681 /* Assets.xcassets in Resources */ = {isa = PBXBuildFile; fileRef = 38FEF6A41E1EF95000727681 /* Assets.xcassets */; };
		38FEF6A81E1EF95000727681 /* LaunchScreen.storyboard in Resources */ = {isa = PBXBuildFile; fileRef = 38FEF6A61E1EF95000727681 /* LaunchScreen.storyboard */; };
		38FF37F41E25347C0020CB7A /* CategoryCell.swift in Sources */ = {isa = PBXBuildFile; fileRef = 38FF37F31E25347C0020CB7A /* CategoryCell.swift */; };
		38FF37F61E2534A20020CB7A /* MenuViewController.swift in Sources */ = {isa = PBXBuildFile; fileRef = 38FF37F51E2534A20020CB7A /* MenuViewController.swift */; };
		38FF37F81E2544790020CB7A /* Category.swift in Sources */ = {isa = PBXBuildFile; fileRef = 38FF37F71E2544790020CB7A /* Category.swift */; };
		B93402819262AD733CC6B582 /* Pods_Pixtic.framework in Frameworks */ = {isa = PBXBuildFile; fileRef = EB0122954913DDDE4F741E7D /* Pods_Pixtic.framework */; };
/* End PBXBuildFile section */

/* Begin PBXFileReference section */
		21A28905E478796EB5A5E166 /* Pods-Pixtic.release.xcconfig */ = {isa = PBXFileReference; includeInIndex = 1; lastKnownFileType = text.xcconfig; name = "Pods-Pixtic.release.xcconfig"; path = "Pods/Target Support Files/Pods-Pixtic/Pods-Pixtic.release.xcconfig"; sourceTree = "<group>"; };
		381DECE31E202C33004F719E /* PageViewController.swift */ = {isa = PBXFileReference; fileEncoding = 4; lastKnownFileType = sourcecode.swift; path = PageViewController.swift; sourceTree = "<group>"; };
		383AA5591E21AE710066BE3D /* Photo.swift */ = {isa = PBXFileReference; fileEncoding = 4; lastKnownFileType = sourcecode.swift; path = Photo.swift; sourceTree = "<group>"; };
		383B58F91E26A08300DED73E /* Reachability.swift */ = {isa = PBXFileReference; fileEncoding = 4; lastKnownFileType = sourcecode.swift; path = Reachability.swift; sourceTree = "<group>"; };
		3845306F1E22B2620036C4FC /* Menu.storyboard */ = {isa = PBXFileReference; fileEncoding = 4; lastKnownFileType = file.storyboard; path = Menu.storyboard; sourceTree = "<group>"; };
		38607B101E25733E007D05C8 /* Header.xib */ = {isa = PBXFileReference; fileEncoding = 4; lastKnownFileType = file.xib; path = Header.xib; sourceTree = "<group>"; };
		38607B131E2649A6007D05C8 /* UIDevice.swift */ = {isa = PBXFileReference; fileEncoding = 4; lastKnownFileType = sourcecode.swift; path = UIDevice.swift; sourceTree = "<group>"; };
		38607B151E265CDA007D05C8 /* GoogleService-Info.plist */ = {isa = PBXFileReference; fileEncoding = 4; lastKnownFileType = text.plist.xml; path = "GoogleService-Info.plist"; sourceTree = "<group>"; };
		386347801E2B9C2C004E43E2 /* CollectionViewController.swift */ = {isa = PBXFileReference; fileEncoding = 4; lastKnownFileType = sourcecode.swift; path = CollectionViewController.swift; sourceTree = "<group>"; };
		386347821E2B9D4E004E43E2 /* WallpaperCell.swift */ = {isa = PBXFileReference; fileEncoding = 4; lastKnownFileType = sourcecode.swift; path = WallpaperCell.swift; sourceTree = "<group>"; };
		38FEF69A1E1EF95000727681 /* Pixtic.app */ = {isa = PBXFileReference; explicitFileType = wrapper.application; includeInIndex = 0; path = Pixtic.app; sourceTree = BUILT_PRODUCTS_DIR; };
		38FEF69D1E1EF95000727681 /* AppDelegate.swift */ = {isa = PBXFileReference; lastKnownFileType = sourcecode.swift; path = AppDelegate.swift; sourceTree = "<group>"; };
		38FEF69F1E1EF95000727681 /* WallpaperViewController.swift */ = {isa = PBXFileReference; lastKnownFileType = sourcecode.swift; path = WallpaperViewController.swift; sourceTree = "<group>"; };
		38FEF6A21E1EF95000727681 /* Base */ = {isa = PBXFileReference; lastKnownFileType = file.storyboard; name = Base; path = Base.lproj/Main.storyboard; sourceTree = "<group>"; };
		38FEF6A41E1EF95000727681 /* Assets.xcassets */ = {isa = PBXFileReference; lastKnownFileType = folder.assetcatalog; path = Assets.xcassets; sourceTree = "<group>"; };
		38FEF6A71E1EF95000727681 /* Base */ = {isa = PBXFileReference; lastKnownFileType = file.storyboard; name = Base; path = Base.lproj/LaunchScreen.storyboard; sourceTree = "<group>"; };
		38FEF6A91E1EF95000727681 /* Info.plist */ = {isa = PBXFileReference; lastKnownFileType = text.plist.xml; path = Info.plist; sourceTree = "<group>"; };
		38FF37F31E25347C0020CB7A /* CategoryCell.swift */ = {isa = PBXFileReference; fileEncoding = 4; lastKnownFileType = sourcecode.swift; path = CategoryCell.swift; sourceTree = "<group>"; };
		38FF37F51E2534A20020CB7A /* MenuViewController.swift */ = {isa = PBXFileReference; fileEncoding = 4; lastKnownFileType = sourcecode.swift; path = MenuViewController.swift; sourceTree = "<group>"; };
		38FF37F71E2544790020CB7A /* Category.swift */ = {isa = PBXFileReference; fileEncoding = 4; lastKnownFileType = sourcecode.swift; path = Category.swift; sourceTree = "<group>"; };
		998B17B1A3CD2BE6C4C1C23F /* Pods-Pixtic.debug.xcconfig */ = {isa = PBXFileReference; includeInIndex = 1; lastKnownFileType = text.xcconfig; name = "Pods-Pixtic.debug.xcconfig"; path = "Pods/Target Support Files/Pods-Pixtic/Pods-Pixtic.debug.xcconfig"; sourceTree = "<group>"; };
		EB0122954913DDDE4F741E7D /* Pods_Pixtic.framework */ = {isa = PBXFileReference; explicitFileType = wrapper.framework; includeInIndex = 0; path = Pods_Pixtic.framework; sourceTree = BUILT_PRODUCTS_DIR; };
/* End PBXFileReference section */

/* Begin PBXFrameworksBuildPhase section */
		38FEF6971E1EF94F00727681 /* Frameworks */ = {
			isa = PBXFrameworksBuildPhase;
			buildActionMask = 2147483647;
			files = (
				B93402819262AD733CC6B582 /* Pods_Pixtic.framework in Frameworks */,
			);
			runOnlyForDeploymentPostprocessing = 0;
		};
/* End PBXFrameworksBuildPhase section */

/* Begin PBXGroup section */
		17CE18DEC0440CA854CB73BE /* Frameworks */ = {
			isa = PBXGroup;
			children = (
				EB0122954913DDDE4F741E7D /* Pods_Pixtic.framework */,
			);
			name = Frameworks;
			sourceTree = "<group>";
		};
		383AA55B1E21C6BF0066BE3D /* VIew Controllers */ = {
			isa = PBXGroup;
			children = (
				38FEF69F1E1EF95000727681 /* WallpaperViewController.swift */,
				381DECE31E202C33004F719E /* PageViewController.swift */,
				38FF37F51E2534A20020CB7A /* MenuViewController.swift */,
				386347801E2B9C2C004E43E2 /* CollectionViewController.swift */,
			);
			name = "VIew Controllers";
			sourceTree = "<group>";
		};
		383AA55C1E21C6D60066BE3D /* Models */ = {
			isa = PBXGroup;
			children = (
				383AA5591E21AE710066BE3D /* Photo.swift */,
				38FF37F71E2544790020CB7A /* Category.swift */,
				383B58F91E26A08300DED73E /* Reachability.swift */,
			);
			name = Models;
			sourceTree = "<group>";
		};
		384530711E22B2680036C4FC /* Storyboards */ = {
			isa = PBXGroup;
			children = (
				3845306F1E22B2620036C4FC /* Menu.storyboard */,
				38FEF6A11E1EF95000727681 /* Main.storyboard */,
				38FEF6A61E1EF95000727681 /* LaunchScreen.storyboard */,
			);
			name = Storyboards;
			sourceTree = "<group>";
		};
		38607B121E26498B007D05C8 /* Extensions */ = {
			isa = PBXGroup;
			children = (
				38607B131E2649A6007D05C8 /* UIDevice.swift */,
			);
			name = Extensions;
			sourceTree = "<group>";
		};
		38FEF6911E1EF94F00727681 = {
			isa = PBXGroup;
			children = (
				38FEF69C1E1EF95000727681 /* Pixtic */,
				38FEF69B1E1EF95000727681 /* Products */,
				8E7F75437EAE75F1C2742C3E /* Pods */,
				17CE18DEC0440CA854CB73BE /* Frameworks */,
			);
			sourceTree = "<group>";
		};
		38FEF69B1E1EF95000727681 /* Products */ = {
			isa = PBXGroup;
			children = (
				38FEF69A1E1EF95000727681 /* Pixtic.app */,
			);
			name = Products;
			sourceTree = "<group>";
		};
		38FEF69C1E1EF95000727681 /* Pixtic */ = {
			isa = PBXGroup;
			children = (
				38607B101E25733E007D05C8 /* Header.xib */,
				383AA55C1E21C6D60066BE3D /* Models */,
				38607B121E26498B007D05C8 /* Extensions */,
				38FF37F21E25345D0020CB7A /* Custom Cells */,
				384530711E22B2680036C4FC /* Storyboards */,
				383AA55B1E21C6BF0066BE3D /* VIew Controllers */,
				38FEF69D1E1EF95000727681 /* AppDelegate.swift */,
				38FEF6A41E1EF95000727681 /* Assets.xcassets */,
				38FEF6A91E1EF95000727681 /* Info.plist */,
				38607B151E265CDA007D05C8 /* GoogleService-Info.plist */,
			);
			path = Pixtic;
			sourceTree = "<group>";
		};
		38FF37F21E25345D0020CB7A /* Custom Cells */ = {
			isa = PBXGroup;
			children = (
				38FF37F31E25347C0020CB7A /* CategoryCell.swift */,
				386347821E2B9D4E004E43E2 /* WallpaperCell.swift */,
			);
			name = "Custom Cells";
			sourceTree = "<group>";
		};
		8E7F75437EAE75F1C2742C3E /* Pods */ = {
			isa = PBXGroup;
			children = (
				998B17B1A3CD2BE6C4C1C23F /* Pods-Pixtic.debug.xcconfig */,
				21A28905E478796EB5A5E166 /* Pods-Pixtic.release.xcconfig */,
			);
			name = Pods;
			sourceTree = "<group>";
		};
/* End PBXGroup section */

/* Begin PBXNativeTarget section */
		38FEF6991E1EF94F00727681 /* Pixtic */ = {
			isa = PBXNativeTarget;
			buildConfigurationList = 38FEF6AC1E1EF95000727681 /* Build configuration list for PBXNativeTarget "Pixtic" */;
			buildPhases = (
				8BDA44A39923F499FA7CAD64 /* [CP] Check Pods Manifest.lock */,
				38FEF6961E1EF94F00727681 /* Sources */,
				38FEF6971E1EF94F00727681 /* Frameworks */,
				38FEF6981E1EF94F00727681 /* Resources */,
				F973393FB997911DDDAC5E07 /* [CP] Embed Pods Frameworks */,
				36598D0447C3452B42085AA9 /* [CP] Copy Pods Resources */,
			);
			buildRules = (
			);
			dependencies = (
			);
			name = Pixtic;
			productName = Pixtic;
			productReference = 38FEF69A1E1EF95000727681 /* Pixtic.app */;
			productType = "com.apple.product-type.application";
		};
/* End PBXNativeTarget section */

/* Begin PBXProject section */
		38FEF6921E1EF94F00727681 /* Project object */ = {
			isa = PBXProject;
			attributes = {
				LastSwiftUpdateCheck = 0820;
				LastUpgradeCheck = 0820;
				ORGANIZATIONNAME = nunev;
				TargetAttributes = {
					38FEF6991E1EF94F00727681 = {
						CreatedOnToolsVersion = 8.2.1;
						DevelopmentTeam = TPWG8G6ELX;
						ProvisioningStyle = Automatic;
					};
				};
			};
			buildConfigurationList = 38FEF6951E1EF94F00727681 /* Build configuration list for PBXProject "Pixtic" */;
			compatibilityVersion = "Xcode 3.2";
			developmentRegion = English;
			hasScannedForEncodings = 0;
			knownRegions = (
				en,
				Base,
			);
			mainGroup = 38FEF6911E1EF94F00727681;
			productRefGroup = 38FEF69B1E1EF95000727681 /* Products */;
			projectDirPath = "";
			projectRoot = "";
			targets = (
				38FEF6991E1EF94F00727681 /* Pixtic */,
			);
		};
/* End PBXProject section */

/* Begin PBXResourcesBuildPhase section */
		38FEF6981E1EF94F00727681 /* Resources */ = {
			isa = PBXResourcesBuildPhase;
			buildActionMask = 2147483647;
			files = (
				384530701E22B2620036C4FC /* Menu.storyboard in Resources */,
				38FEF6A81E1EF95000727681 /* LaunchScreen.storyboard in Resources */,
				38FEF6A51E1EF95000727681 /* Assets.xcassets in Resources */,
				38607B111E25733E007D05C8 /* Header.xib in Resources */,
				38FEF6A31E1EF95000727681 /* Main.storyboard in Resources */,
				38607B161E265CDA007D05C8 /* GoogleService-Info.plist in Resources */,
			);
			runOnlyForDeploymentPostprocessing = 0;
		};
/* End PBXResourcesBuildPhase section */

/* Begin PBXShellScriptBuildPhase section */
		36598D0447C3452B42085AA9 /* [CP] Copy Pods Resources */ = {
			isa = PBXShellScriptBuildPhase;
			buildActionMask = 2147483647;
			files = (
			);
			inputPaths = (
			);
			name = "[CP] Copy Pods Resources";
			outputPaths = (
			);
			runOnlyForDeploymentPostprocessing = 0;
			shellPath = /bin/sh;
			shellScript = "\"${SRCROOT}/Pods/Target Support Files/Pods-Pixtic/Pods-Pixtic-resources.sh\"\n";
			showEnvVarsInLog = 0;
		};
		8BDA44A39923F499FA7CAD64 /* [CP] Check Pods Manifest.lock */ = {
			isa = PBXShellScriptBuildPhase;
			buildActionMask = 2147483647;
			files = (
			);
			inputPaths = (
			);
			name = "[CP] Check Pods Manifest.lock";
			outputPaths = (
			);
			runOnlyForDeploymentPostprocessing = 0;
			shellPath = /bin/sh;
			shellScript = "diff \"${PODS_ROOT}/../Podfile.lock\" \"${PODS_ROOT}/Manifest.lock\" > /dev/null\nif [ $? != 0 ] ; then\n    # print error to STDERR\n    echo \"error: The sandbox is not in sync with the Podfile.lock. Run 'pod install' or update your CocoaPods installation.\" >&2\n    exit 1\nfi\n";
			showEnvVarsInLog = 0;
		};
		F973393FB997911DDDAC5E07 /* [CP] Embed Pods Frameworks */ = {
			isa = PBXShellScriptBuildPhase;
			buildActionMask = 2147483647;
			files = (
			);
			inputPaths = (
			);
			name = "[CP] Embed Pods Frameworks";
			outputPaths = (
			);
			runOnlyForDeploymentPostprocessing = 0;
			shellPath = /bin/sh;
			shellScript = "\"${SRCROOT}/Pods/Target Support Files/Pods-Pixtic/Pods-Pixtic-frameworks.sh\"\n";
			showEnvVarsInLog = 0;
		};
/* End PBXShellScriptBuildPhase section */

/* Begin PBXSourcesBuildPhase section */
		38FEF6961E1EF94F00727681 /* Sources */ = {
			isa = PBXSourcesBuildPhase;
			buildActionMask = 2147483647;
			files = (
				383AA55A1E21AE710066BE3D /* Photo.swift in Sources */,
				386347831E2B9D4E004E43E2 /* WallpaperCell.swift in Sources */,
				38FF37F61E2534A20020CB7A /* MenuViewController.swift in Sources */,
				381DECE41E202C33004F719E /* PageViewController.swift in Sources */,
				38FEF6A01E1EF95000727681 /* WallpaperViewController.swift in Sources */,
				386347811E2B9C2C004E43E2 /* CollectionViewController.swift in Sources */,
				38FEF69E1E1EF95000727681 /* AppDelegate.swift in Sources */,
				383B58FA1E26A08300DED73E /* Reachability.swift in Sources */,
				38FF37F41E25347C0020CB7A /* CategoryCell.swift in Sources */,
				38FF37F81E2544790020CB7A /* Category.swift in Sources */,
				38607B141E2649A6007D05C8 /* UIDevice.swift in Sources */,
			);
			runOnlyForDeploymentPostprocessing = 0;
		};
/* End PBXSourcesBuildPhase section */

/* Begin PBXVariantGroup section */
		38FEF6A11E1EF95000727681 /* Main.storyboard */ = {
			isa = PBXVariantGroup;
			children = (
				38FEF6A21E1EF95000727681 /* Base */,
			);
			name = Main.storyboard;
			sourceTree = "<group>";
		};
		38FEF6A61E1EF95000727681 /* LaunchScreen.storyboard */ = {
			isa = PBXVariantGroup;
			children = (
				38FEF6A71E1EF95000727681 /* Base */,
			);
			name = LaunchScreen.storyboard;
			sourceTree = "<group>";
		};
/* End PBXVariantGroup section */

/* Begin XCBuildConfiguration section */
		38FEF6AA1E1EF95000727681 /* Debug */ = {
			isa = XCBuildConfiguration;
			buildSettings = {
				ALWAYS_SEARCH_USER_PATHS = NO;
				CLANG_ANALYZER_NONNULL = YES;
				CLANG_CXX_LANGUAGE_STANDARD = "gnu++0x";
				CLANG_CXX_LIBRARY = "libc++";
				CLANG_ENABLE_MODULES = YES;
				CLANG_ENABLE_OBJC_ARC = YES;
				CLANG_WARN_BOOL_CONVERSION = YES;
				CLANG_WARN_CONSTANT_CONVERSION = YES;
				CLANG_WARN_DIRECT_OBJC_ISA_USAGE = YES_ERROR;
				CLANG_WARN_DOCUMENTATION_COMMENTS = YES;
				CLANG_WARN_EMPTY_BODY = YES;
				CLANG_WARN_ENUM_CONVERSION = YES;
				CLANG_WARN_INFINITE_RECURSION = YES;
				CLANG_WARN_INT_CONVERSION = YES;
				CLANG_WARN_OBJC_ROOT_CLASS = YES_ERROR;
				CLANG_WARN_SUSPICIOUS_MOVE = YES;
				CLANG_WARN_UNREACHABLE_CODE = YES;
				CLANG_WARN__DUPLICATE_METHOD_MATCH = YES;
				"CODE_SIGN_IDENTITY[sdk=iphoneos*]" = "iPhone Developer";
				COPY_PHASE_STRIP = NO;
				DEBUG_INFORMATION_FORMAT = dwarf;
				ENABLE_STRICT_OBJC_MSGSEND = YES;
				ENABLE_TESTABILITY = YES;
				GCC_C_LANGUAGE_STANDARD = gnu99;
				GCC_DYNAMIC_NO_PIC = NO;
				GCC_NO_COMMON_BLOCKS = YES;
				GCC_OPTIMIZATION_LEVEL = 0;
				GCC_PREPROCESSOR_DEFINITIONS = (
					"DEBUG=1",
					"$(inherited)",
				);
				GCC_WARN_64_TO_32_BIT_CONVERSION = YES;
				GCC_WARN_ABOUT_RETURN_TYPE = YES_ERROR;
				GCC_WARN_UNDECLARED_SELECTOR = YES;
				GCC_WARN_UNINITIALIZED_AUTOS = YES_AGGRESSIVE;
				GCC_WARN_UNUSED_FUNCTION = YES;
				GCC_WARN_UNUSED_VARIABLE = YES;
				IPHONEOS_DEPLOYMENT_TARGET = 10.2;
				MTL_ENABLE_DEBUG_INFO = YES;
				ONLY_ACTIVE_ARCH = YES;
				SDKROOT = iphoneos;
				SWIFT_ACTIVE_COMPILATION_CONDITIONS = DEBUG;
				SWIFT_OPTIMIZATION_LEVEL = "-Onone";
			};
			name = Debug;
		};
		38FEF6AB1E1EF95000727681 /* Release */ = {
			isa = XCBuildConfiguration;
			buildSettings = {
				ALWAYS_SEARCH_USER_PATHS = NO;
				CLANG_ANALYZER_NONNULL = YES;
				CLANG_CXX_LANGUAGE_STANDARD = "gnu++0x";
				CLANG_CXX_LIBRARY = "libc++";
				CLANG_ENABLE_MODULES = YES;
				CLANG_ENABLE_OBJC_ARC = YES;
				CLANG_WARN_BOOL_CONVERSION = YES;
				CLANG_WARN_CONSTANT_CONVERSION = YES;
				CLANG_WARN_DIRECT_OBJC_ISA_USAGE = YES_ERROR;
				CLANG_WARN_DOCUMENTATION_COMMENTS = YES;
				CLANG_WARN_EMPTY_BODY = YES;
				CLANG_WARN_ENUM_CONVERSION = YES;
				CLANG_WARN_INFINITE_RECURSION = YES;
				CLANG_WARN_INT_CONVERSION = YES;
				CLANG_WARN_OBJC_ROOT_CLASS = YES_ERROR;
				CLANG_WARN_SUSPICIOUS_MOVE = YES;
				CLANG_WARN_UNREACHABLE_CODE = YES;
				CLANG_WARN__DUPLICATE_METHOD_MATCH = YES;
				"CODE_SIGN_IDENTITY[sdk=iphoneos*]" = "iPhone Developer";
				COPY_PHASE_STRIP = NO;
				DEBUG_INFORMATION_FORMAT = "dwarf-with-dsym";
				ENABLE_NS_ASSERTIONS = NO;
				ENABLE_STRICT_OBJC_MSGSEND = YES;
				GCC_C_LANGUAGE_STANDARD = gnu99;
				GCC_NO_COMMON_BLOCKS = YES;
				GCC_WARN_64_TO_32_BIT_CONVERSION = YES;
				GCC_WARN_ABOUT_RETURN_TYPE = YES_ERROR;
				GCC_WARN_UNDECLARED_SELECTOR = YES;
				GCC_WARN_UNINITIALIZED_AUTOS = YES_AGGRESSIVE;
				GCC_WARN_UNUSED_FUNCTION = YES;
				GCC_WARN_UNUSED_VARIABLE = YES;
				IPHONEOS_DEPLOYMENT_TARGET = 10.2;
				MTL_ENABLE_DEBUG_INFO = NO;
				SDKROOT = iphoneos;
				SWIFT_OPTIMIZATION_LEVEL = "-Owholemodule";
				VALIDATE_PRODUCT = YES;
			};
			name = Release;
		};
		38FEF6AD1E1EF95000727681 /* Debug */ = {
			isa = XCBuildConfiguration;
			baseConfigurationReference = 998B17B1A3CD2BE6C4C1C23F /* Pods-Pixtic.debug.xcconfig */;
			buildSettings = {
				ASSETCATALOG_COMPILER_APPICON_NAME = AppIcon;
				ASSETCATALOG_COMPILER_LAUNCHIMAGE_NAME = LaunchImage;
				DEVELOPMENT_TEAM = TPWG8G6ELX;
				INFOPLIST_FILE = Pixtic/Info.plist;
				IPHONEOS_DEPLOYMENT_TARGET = 9.0;
				LD_RUNPATH_SEARCH_PATHS = "$(inherited) @executable_path/Frameworks";
				PRODUCT_BUNDLE_IDENTIFIER = com.nunev.Pixtic;
				PRODUCT_NAME = "$(TARGET_NAME)";
				SWIFT_VERSION = 3.0;
				TARGETED_DEVICE_FAMILY = "1,2";
			};
			name = Debug;
		};
		38FEF6AE1E1EF95000727681 /* Release */ = {
			isa = XCBuildConfiguration;
			baseConfigurationReference = 21A28905E478796EB5A5E166 /* Pods-Pixtic.release.xcconfig */;
			buildSettings = {
				ASSETCATALOG_COMPILER_APPICON_NAME = AppIcon;
				ASSETCATALOG_COMPILER_LAUNCHIMAGE_NAME = LaunchImage;
				DEVELOPMENT_TEAM = TPWG8G6ELX;
				INFOPLIST_FILE = Pixtic/Info.plist;
				IPHONEOS_DEPLOYMENT_TARGET = 9.0;
				LD_RUNPATH_SEARCH_PATHS = "$(inherited) @executable_path/Frameworks";
				PRODUCT_BUNDLE_IDENTIFIER = com.nunev.Pixtic;
				PRODUCT_NAME = "$(TARGET_NAME)";
				SWIFT_VERSION = 3.0;
				TARGETED_DEVICE_FAMILY = "1,2";
			};
			name = Release;
		};
/* End XCBuildConfiguration section */

/* Begin XCConfigurationList section */
		38FEF6951E1EF94F00727681 /* Build configuration list for PBXProject "Pixtic" */ = {
			isa = XCConfigurationList;
			buildConfigurations = (
				38FEF6AA1E1EF95000727681 /* Debug */,
				38FEF6AB1E1EF95000727681 /* Release */,
			);
			defaultConfigurationIsVisible = 0;
			defaultConfigurationName = Release;
		};
		38FEF6AC1E1EF95000727681 /* Build configuration list for PBXNativeTarget "Pixtic" */ = {
			isa = XCConfigurationList;
			buildConfigurations = (
				38FEF6AD1E1EF95000727681 /* Debug */,
				38FEF6AE1E1EF95000727681 /* Release */,
			);
			defaultConfigurationIsVisible = 0;
			defaultConfigurationName = Release;
		};
/* End XCConfigurationList section */
	};
	rootObject = 38FEF6921E1EF94F00727681 /* Project object */;
}
